
Microsoft Visual Studio Solution File, Format Version 12.00
# Visual Studio Version 16
VisualStudioVersion = 16.0.30128.74
MinimumVisualStudioVersion = 10.0.40219.1
Project("{FAE04EC0-301F-11D3-BF4B-00C04F79EFBC}") = "WindowsFormsApp1", "WindowsFormsApp1\WindowsFormsApp1.csproj", "{BA4DDD7B-4B9D-4DC5-8330-77178D69F376}"
EndProject
Global
	GlobalSection(SolutionConfigurationPlatforms) = preSolution
		Debug|Any CPU = Debug|Any CPU
		Release|Any CPU = Release|Any CPU
	EndGlobalSection
	GlobalSection(ProjectConfigurationPlatforms) = postSolution
		{BA4DDD7B-4B9D-4DC5-8330-77178D69F376}.Debug|Any CPU.ActiveCfg = Debug|Any CPU
		{BA4DDD7B-4B9D-4DC5-8330-77178D69F376}.Debug|Any CPU.Build.0 = Debug|Any CPU
		{BA4DDD7B-4B9D-4DC5-8330-77178D69F376}.Release|Any CPU.ActiveCfg = Release|Any CPU
		{BA4DDD7B-4B9D-4DC5-8330-77178D69F376}.Release|Any CPU.Build.0 = Release|Any CPU
	EndGlobalSection
	GlobalSection(SolutionProperties) = preSolution
		HideSolutionNode = FALSE
	EndGlobalSection
	GlobalSection(ExtensibilityGlobals) = postSolution
		SolutionGuid = {F48DC9FA-5D1A-454E-9FCA-17E9B1D6F90F}
	EndGlobalSection
EndGlobal
